
Microsoft Visual Studio Solution File, Format Version 12.00
# Visual Studio Version 16
VisualStudioVersion = 16.0.33529.622
MinimumVisualStudioVersion = 10.0.40219.1
Project("{8BC9CEB8-8B4A-11D0-8D11-00A0C91BC942}") = "bubble_sort(all)", "bubble_sort(all).vcxproj", "{6BFA2E4C-787C-4A13-AAA4-AEF1B3B51340}"
EndProject
Global
	GlobalSection(SolutionConfigurationPlatforms) = preSolution
		Debug|x64 = Debug|x64
		Debug|x86 = Debug|x86
		Release|x64 = Release|x64
		Release|x86 = Release|x86
	EndGlobalSection
	GlobalSection(ProjectConfigurationPlatforms) = postSolution
		{6BFA2E4C-787C-4A13-AAA4-AEF1B3B51340}.Debug|x64.ActiveCfg = Debug|x64
		{6BFA2E4C-787C-4A13-AAA4-AEF1B3B51340}.Debug|x64.Build.0 = Debug|x64
		{6BFA2E4C-787C-4A13-AAA4-AEF1B3B51340}.Debug|x86.ActiveCfg = Debug|Win32
		{6BFA2E4C-787C-4A13-AAA4-AEF1B3B51340}.Debug|x86.Build.0 = Debug|Win32
		{6BFA2E4C-787C-4A13-AAA4-AEF1B3B51340}.Release|x64.ActiveCfg = Release|x64
		{6BFA2E4C-787C-4A13-AAA4-AEF1B3B51340}.Release|x64.Build.0 = Release|x64
		{6BFA2E4C-787C-4A13-AAA4-AEF1B3B51340}.Release|x86.ActiveCfg = Release|Win32
		{6BFA2E4C-787C-4A13-AAA4-AEF1B3B51340}.Release|x86.Build.0 = Release|Win32
	EndGlobalSection
	GlobalSection(SolutionProperties) = preSolution
		HideSolutionNode = FALSE
	EndGlobalSection
	GlobalSection(ExtensibilityGlobals) = postSolution
		SolutionGuid = {6461D4CD-6DA7-43C2-82C2-F4ED9906A786}
	EndGlobalSection
EndGlobal
